
Microsoft Visual Studio Solution File, Format Version 12.00
# Visual Studio Version 17
VisualStudioVersion = 17.5.001.0
MinimumVisualStudioVersion = 10.0.40219.1
Project("{9A19103F-16F7-4668-BE54-9A1E7A4F7556}") = "C# - SQL", "C# - SQL.csproj", "{3CAE80F9-CD67-438D-80D0-44DC4DEC2F47}"
EndProject
Global
	GlobalSection(SolutionConfigurationPlatforms) = preSolution
		Debug|Any CPU = Debug|Any CPU
		Release|Any CPU = Release|Any CPU
	EndGlobalSection
	GlobalSection(ProjectConfigurationPlatforms) = postSolution
		{3CAE80F9-CD67-438D-80D0-44DC4DEC2F47}.Debug|Any CPU.ActiveCfg = Debug|Any CPU
		{3CAE80F9-CD67-438D-80D0-44DC4DEC2F47}.Debug|Any CPU.Build.0 = Debug|Any CPU
		{3CAE80F9-CD67-438D-80D0-44DC4DEC2F47}.Release|Any CPU.ActiveCfg = Release|Any CPU
		{3CAE80F9-CD67-438D-80D0-44DC4DEC2F47}.Release|Any CPU.Build.0 = Release|Any CPU
	EndGlobalSection
	GlobalSection(SolutionProperties) = preSolution
		HideSolutionNode = FALSE
	EndGlobalSection
	GlobalSection(ExtensibilityGlobals) = postSolution
		SolutionGuid = {D69A2ED0-D249-4107-BDF4-05E64CDEA853}
	EndGlobalSection
EndGlobal
